
Microsoft Visual Studio Solution File, Format Version 12.00
# Visual Studio 15
VisualStudioVersion = 15.0.27130.2027
MinimumVisualStudioVersion = 10.0.40219.1
Project("{FAE04EC0-301F-11D3-BF4B-00C04F79EFBC}") = "Listas Circulares", "Listas Circulares\Listas Circulares.csproj", "{D6E02B48-964A-4207-9294-82D81B76ADDE}"
EndProject
Global
	GlobalSection(SolutionConfigurationPlatforms) = preSolution
		Debug|Any CPU = Debug|Any CPU
		Release|Any CPU = Release|Any CPU
	EndGlobalSection
	GlobalSection(ProjectConfigurationPlatforms) = postSolution
		{D6E02B48-964A-4207-9294-82D81B76ADDE}.Debug|Any CPU.ActiveCfg = Debug|Any CPU
		{D6E02B48-964A-4207-9294-82D81B76ADDE}.Debug|Any CPU.Build.0 = Debug|Any CPU
		{D6E02B48-964A-4207-9294-82D81B76ADDE}.Release|Any CPU.ActiveCfg = Release|Any CPU
		{D6E02B48-964A-4207-9294-82D81B76ADDE}.Release|Any CPU.Build.0 = Release|Any CPU
	EndGlobalSection
	GlobalSection(SolutionProperties) = preSolution
		HideSolutionNode = FALSE
	EndGlobalSection
	GlobalSection(ExtensibilityGlobals) = postSolution
		SolutionGuid = {2E394D87-18A7-4260-B0AE-D107E2AB5002}
	EndGlobalSection
EndGlobal
